// !$*UTF8*$!
{
	archiveVersion = 1;
	classes = {
	};
	objectVersion = 55;
	objects = {

/* Begin PBXBuildFile section */
		7F54BC9728AA110300CBB04F /* SensorGameApp.swift in Sources */ = {isa = PBXBuildFile; fileRef = 7F54BC9628AA110300CBB04F /* SensorGameApp.swift */; };
		7F54BC9928AA110300CBB04F /* ContentView.swift in Sources */ = {isa = PBXBuildFile; fileRef = 7F54BC9828AA110300CBB04F /* ContentView.swift */; };
		7F54BC9B28AA110800CBB04F /* Assets.xcassets in Resources */ = {isa = PBXBuildFile; fileRef = 7F54BC9A28AA110800CBB04F /* Assets.xcassets */; };
		7F54BC9E28AA110800CBB04F /* Preview Assets.xcassets in Resources */ = {isa = PBXBuildFile; fileRef = 7F54BC9D28AA110800CBB04F /* Preview Assets.xcassets */; };
		7F54BCA528AA161700CBB04F /* SensorSub.swift in Sources */ = {isa = PBXBuildFile; fileRef = 7F54BCA428AA161700CBB04F /* SensorSub.swift */; };
		7F54BCA728AA163E00CBB04F /* SensorUi.swift in Sources */ = {isa = PBXBuildFile; fileRef = 7F54BCA628AA163E00CBB04F /* SensorUi.swift */; };
		7FAD9CFD28B0EC7400CF624D /*  .swift in Sources */ = {isa = PBXBuildFile; fileRef = 7FAD9CFC28B0EC7400CF624D /*  .swift */; };
		7FEC2DD928C8A7B80060965A /* SplashView.swift in Sources */ = {isa = PBXBuildFile; fileRef = 7FEC2DD828C8A7B80060965A /* SplashView.swift */; };
		7FF6B69828D21D3C005C8108 /* setumei.swift in Sources */ = {isa = PBXBuildFile; fileRef = 7FF6B69728D21D3C005C8108 /* setumei.swift */; };
/* End PBXBuildFile section */

/* Begin PBXFileReference section */
		7F54BC9328AA110300CBB04F /* SensorGame.app */ = {isa = PBXFileReference; explicitFileType = wrapper.application; includeInIndex = 0; path = SensorGame.app; sourceTree = BUILT_PRODUCTS_DIR; };
		7F54BC9628AA110300CBB04F /* SensorGameApp.swift */ = {isa = PBXFileReference; lastKnownFileType = sourcecode.swift; path = SensorGameApp.swift; sourceTree = "<group>"; };
		7F54BC9828AA110300CBB04F /* ContentView.swift */ = {isa = PBXFileReference; lastKnownFileType = sourcecode.swift; path = ContentView.swift; sourceTree = "<group>"; };
		7F54BC9A28AA110800CBB04F /* Assets.xcassets */ = {isa = PBXFileReference; lastKnownFileType = folder.assetcatalog; path = Assets.xcassets; sourceTree = "<group>"; };
		7F54BC9D28AA110800CBB04F /* Preview Assets.xcassets */ = {isa = PBXFileReference; lastKnownFileType = folder.assetcatalog; path = "Preview Assets.xcassets"; sourceTree = "<group>"; };
		7F54BCA428AA161700CBB04F /* SensorSub.swift */ = {isa = PBXFileReference; lastKnownFileType = sourcecode.swift; path = SensorSub.swift; sourceTree = "<group>"; };
		7F54BCA628AA163E00CBB04F /* SensorUi.swift */ = {isa = PBXFileReference; lastKnownFileType = sourcecode.swift; path = SensorUi.swift; sourceTree = "<group>"; };
		7FAD9CFC28B0EC7400CF624D /*  .swift */ = {isa = PBXFileReference; lastKnownFileType = sourcecode.swift; path = " .swift"; sourceTree = "<group>"; };
		7FEC2DD828C8A7B80060965A /* SplashView.swift */ = {isa = PBXFileReference; lastKnownFileType = sourcecode.swift; path = SplashView.swift; sourceTree = "<group>"; };
		7FF0DFA528B476BF00345B5A /* Info.plist */ = {isa = PBXFileReference; lastKnownFileType = text.plist; path = Info.plist; sourceTree = "<group>"; };
		7FF6B69728D21D3C005C8108 /* setumei.swift */ = {isa = PBXFileReference; lastKnownFileType = sourcecode.swift; path = setumei.swift; sourceTree = "<group>"; };
/* End PBXFileReference section */

/* Begin PBXFrameworksBuildPhase section */
		7F54BC9028AA110300CBB04F /* Frameworks */ = {
			isa = PBXFrameworksBuildPhase;
			buildActionMask = 2147483647;
			files = (
			);
			runOnlyForDeploymentPostprocessing = 0;
		};
/* End PBXFrameworksBuildPhase section */

/* Begin PBXGroup section */
		7F54BC8A28AA110300CBB04F = {
			isa = PBXGroup;
			children = (
				7F54BC9528AA110300CBB04F /* SensorGame */,
				7F54BC9428AA110300CBB04F /* Products */,
			);
			sourceTree = "<group>";
		};
		7F54BC9428AA110300CBB04F /* Products */ = {
			isa = PBXGroup;
			children = (
				7F54BC9328AA110300CBB04F /* SensorGame.app */,
			);
			name = Products;
			sourceTree = "<group>";
		};
		7F54BC9528AA110300CBB04F /* SensorGame */ = {
			isa = PBXGroup;
			children = (
				7FF0DFA528B476BF00345B5A /* Info.plist */,
				7F54BC9628AA110300CBB04F /* SensorGameApp.swift */,
				7FEC2DD828C8A7B80060965A /* SplashView.swift */,
				7F54BC9828AA110300CBB04F /* ContentView.swift */,
				7FF6B69728D21D3C005C8108 /* setumei.swift */,
				7FAD9CFC28B0EC7400CF624D /*  .swift */,
				7F54BCA428AA161700CBB04F /* SensorSub.swift */,
				7F54BCA628AA163E00CBB04F /* SensorUi.swift */,
				7F54BC9A28AA110800CBB04F /* Assets.xcassets */,
				7F54BC9C28AA110800CBB04F /* Preview Content */,
			);
			path = SensorGame;
			sourceTree = "<group>";
		};
		7F54BC9C28AA110800CBB04F /* Preview Content */ = {
			isa = PBXGroup;
			children = (
				7F54BC9D28AA110800CBB04F /* Preview Assets.xcassets */,
			);
			path = "Preview Content";
			sourceTree = "<group>";
		};
/* End PBXGroup section */

/* Begin PBXNativeTarget section */
		7F54BC9228AA110300CBB04F /* SensorGame */ = {
			isa = PBXNativeTarget;
			buildConfigurationList = 7F54BCA128AA110800CBB04F /* Build configuration list for PBXNativeTarget "SensorGame" */;
			buildPhases = (
				7F54BC8F28AA110300CBB04F /* Sources */,
				7F54BC9028AA110300CBB04F /* Frameworks */,
				7F54BC9128AA110300CBB04F /* Resources */,
			);
			buildRules = (
			);
			dependencies = (
			);
			name = SensorGame;
			productName = SensorGame;
			productReference = 7F54BC9328AA110300CBB04F /* SensorGame.app */;
			productType = "com.apple.product-type.application";
		};
/* End PBXNativeTarget section */

/* Begin PBXProject section */
		7F54BC8B28AA110300CBB04F /* Project object */ = {
			isa = PBXProject;
			attributes = {
				BuildIndependentTargetsInParallel = 1;
				LastSwiftUpdateCheck = 1300;
				LastUpgradeCheck = 1300;
				TargetAttributes = {
					7F54BC9228AA110300CBB04F = {
						CreatedOnToolsVersion = 13.0;
					};
				};
			};
			buildConfigurationList = 7F54BC8E28AA110300CBB04F /* Build configuration list for PBXProject "SensorGame" */;
			compatibilityVersion = "Xcode 13.0";
			developmentRegion = en;
			hasScannedForEncodings = 0;
			knownRegions = (
				en,
				Base,
			);
			mainGroup = 7F54BC8A28AA110300CBB04F;
			productRefGroup = 7F54BC9428AA110300CBB04F /* Products */;
			projectDirPath = "";
			projectRoot = "";
			targets = (
				7F54BC9228AA110300CBB04F /* SensorGame */,
			);
		};
/* End PBXProject section */

/* Begin PBXResourcesBuildPhase section */
		7F54BC9128AA110300CBB04F /* Resources */ = {
			isa = PBXResourcesBuildPhase;
			buildActionMask = 2147483647;
			files = (
				7F54BC9E28AA110800CBB04F /* Preview Assets.xcassets in Resources */,
				7F54BC9B28AA110800CBB04F /* Assets.xcassets in Resources */,
			);
			runOnlyForDeploymentPostprocessing = 0;
		};
/* End PBXResourcesBuildPhase section */

/* Begin PBXSourcesBuildPhase section */
		7F54BC8F28AA110300CBB04F /* Sources */ = {
			isa = PBXSourcesBuildPhase;
			buildActionMask = 2147483647;
			files = (
				7FF6B69828D21D3C005C8108 /* setumei.swift in Sources */,
				7FAD9CFD28B0EC7400CF624D /*  .swift in Sources */,
				7F54BCA528AA161700CBB04F /* SensorSub.swift in Sources */,
				7F54BCA728AA163E00CBB04F /* SensorUi.swift in Sources */,
				7F54BC9928AA110300CBB04F /* ContentView.swift in Sources */,
				7F54BC9728AA110300CBB04F /* SensorGameApp.swift in Sources */,
				7FEC2DD928C8A7B80060965A /* SplashView.swift in Sources */,
			);
			runOnlyForDeploymentPostprocessing = 0;
		};
/* End PBXSourcesBuildPhase section */

/* Begin XCBuildConfiguration section */
		7F54BC9F28AA110800CBB04F /* Debug */ = {
			isa = XCBuildConfiguration;
			buildSettings = {
				ALWAYS_SEARCH_USER_PATHS = NO;
				CLANG_ANALYZER_NONNULL = YES;
				CLANG_ANALYZER_NUMBER_OBJECT_CONVERSION = YES_AGGRESSIVE;
				CLANG_CXX_LANGUAGE_STANDARD = "gnu++17";
				CLANG_CXX_LIBRARY = "libc++";
				CLANG_ENABLE_MODULES = YES;
				CLANG_ENABLE_OBJC_ARC = YES;
				CLANG_ENABLE_OBJC_WEAK = YES;
				CLANG_WARN_BLOCK_CAPTURE_AUTORELEASING = YES;
				CLANG_WARN_BOOL_CONVERSION = YES;
				CLANG_WARN_COMMA = YES;
				CLANG_WARN_CONSTANT_CONVERSION = YES;
				CLANG_WARN_DEPRECATED_OBJC_IMPLEMENTATIONS = YES;
				CLANG_WARN_DIRECT_OBJC_ISA_USAGE = YES_ERROR;
				CLANG_WARN_DOCUMENTATION_COMMENTS = YES;
				CLANG_WARN_EMPTY_BODY = YES;
				CLANG_WARN_ENUM_CONVERSION = YES;
				CLANG_WARN_INFINITE_RECURSION = YES;
				CLANG_WARN_INT_CONVERSION = YES;
				CLANG_WARN_NON_LITERAL_NULL_CONVERSION = YES;
				CLANG_WARN_OBJC_IMPLICIT_RETAIN_SELF = YES;
				CLANG_WARN_OBJC_LITERAL_CONVERSION = YES;
				CLANG_WARN_OBJC_ROOT_CLASS = YES_ERROR;
				CLANG_WARN_QUOTED_INCLUDE_IN_FRAMEWORK_HEADER = YES;
				CLANG_WARN_RANGE_LOOP_ANALYSIS = YES;
				CLANG_WARN_STRICT_PROTOTYPES = YES;
				CLANG_WARN_SUSPICIOUS_MOVE = YES;
				CLANG_WARN_UNGUARDED_AVAILABILITY = YES_AGGRESSIVE;
				CLANG_WARN_UNREACHABLE_CODE = YES;
				CLANG_WARN__DUPLICATE_METHOD_MATCH = YES;
				COPY_PHASE_STRIP = NO;
				DEBUG_INFORMATION_FORMAT = dwarf;
				ENABLE_STRICT_OBJC_MSGSEND = YES;
				ENABLE_TESTABILITY = YES;
				GCC_C_LANGUAGE_STANDARD = gnu11;
				GCC_DYNAMIC_NO_PIC = NO;
				GCC_NO_COMMON_BLOCKS = YES;
				GCC_OPTIMIZATION_LEVEL = 0;
				GCC_PREPROCESSOR_DEFINITIONS = (
					"DEBUG=1",
					"$(inherited)",
				);
				GCC_WARN_64_TO_32_BIT_CONVERSION = YES;
				GCC_WARN_ABOUT_RETURN_TYPE = YES_ERROR;
				GCC_WARN_UNDECLARED_SELECTOR = YES;
				GCC_WARN_UNINITIALIZED_AUTOS = YES_AGGRESSIVE;
				GCC_WARN_UNUSED_FUNCTION = YES;
				GCC_WARN_UNUSED_VARIABLE = YES;
				IPHONEOS_DEPLOYMENT_TARGET = 15.0;
				MTL_ENABLE_DEBUG_INFO = INCLUDE_SOURCE;
				MTL_FAST_MATH = YES;
				ONLY_ACTIVE_ARCH = YES;
				SDKROOT = iphoneos;
				SWIFT_ACTIVE_COMPILATION_CONDITIONS = DEBUG;
				SWIFT_OPTIMIZATION_LEVEL = "-Onone";
			};
			name = Debug;
		};
		7F54BCA028AA110800CBB04F /* Release */ = {
			isa = XCBuildConfiguration;
			buildSettings = {
				ALWAYS_SEARCH_USER_PATHS = NO;
				CLANG_ANALYZER_NONNULL = YES;
				CLANG_ANALYZER_NUMBER_OBJECT_CONVERSION = YES_AGGRESSIVE;
				CLANG_CXX_LANGUAGE_STANDARD = "gnu++17";
				CLANG_CXX_LIBRARY = "libc++";
				CLANG_ENABLE_MODULES = YES;
				CLANG_ENABLE_OBJC_ARC = YES;
				CLANG_ENABLE_OBJC_WEAK = YES;
				CLANG_WARN_BLOCK_CAPTURE_AUTORELEASING = YES;
				CLANG_WARN_BOOL_CONVERSION = YES;
				CLANG_WARN_COMMA = YES;
				CLANG_WARN_CONSTANT_CONVERSION = YES;
				CLANG_WARN_DEPRECATED_OBJC_IMPLEMENTATIONS = YES;
				CLANG_WARN_DIRECT_OBJC_ISA_USAGE = YES_ERROR;
				CLANG_WARN_DOCUMENTATION_COMMENTS = YES;
				CLANG_WARN_EMPTY_BODY = YES;
				CLANG_WARN_ENUM_CONVERSION = YES;
				CLANG_WARN_INFINITE_RECURSION = YES;
				CLANG_WARN_INT_CONVERSION = YES;
				CLANG_WARN_NON_LITERAL_NULL_CONVERSION = YES;
				CLANG_WARN_OBJC_IMPLICIT_RETAIN_SELF = YES;
				CLANG_WARN_OBJC_LITERAL_CONVERSION = YES;
				CLANG_WARN_OBJC_ROOT_CLASS = YES_ERROR;
				CLANG_WARN_QUOTED_INCLUDE_IN_FRAMEWORK_HEADER = YES;
				CLANG_WARN_RANGE_LOOP_ANALYSIS = YES;
				CLANG_WARN_STRICT_PROTOTYPES = YES;
				CLANG_WARN_SUSPICIOUS_MOVE = YES;
				CLANG_WARN_UNGUARDED_AVAILABILITY = YES_AGGRESSIVE;
				CLANG_WARN_UNREACHABLE_CODE = YES;
				CLANG_WARN__DUPLICATE_METHOD_MATCH = YES;
				COPY_PHASE_STRIP = NO;
				DEBUG_INFORMATION_FORMAT = "dwarf-with-dsym";
				ENABLE_NS_ASSERTIONS = NO;
				ENABLE_STRICT_OBJC_MSGSEND = YES;
				GCC_C_LANGUAGE_STANDARD = gnu11;
				GCC_NO_COMMON_BLOCKS = YES;
				GCC_WARN_64_TO_32_BIT_CONVERSION = YES;
				GCC_WARN_ABOUT_RETURN_TYPE = YES_ERROR;
				GCC_WARN_UNDECLARED_SELECTOR = YES;
				GCC_WARN_UNINITIALIZED_AUTOS = YES_AGGRESSIVE;
				GCC_WARN_UNUSED_FUNCTION = YES;
				GCC_WARN_UNUSED_VARIABLE = YES;
				IPHONEOS_DEPLOYMENT_TARGET = 15.0;
				MTL_ENABLE_DEBUG_INFO = NO;
				MTL_FAST_MATH = YES;
				SDKROOT = iphoneos;
				SWIFT_COMPILATION_MODE = wholemodule;
				SWIFT_OPTIMIZATION_LEVEL = "-O";
				VALIDATE_PRODUCT = YES;
			};
			name = Release;
		};
		7F54BCA228AA110800CBB04F /* Debug */ = {
			isa = XCBuildConfiguration;
			buildSettings = {
				ASSETCATALOG_COMPILER_APPICON_NAME = AppIcon;
				ASSETCATALOG_COMPILER_GLOBAL_ACCENT_COLOR_NAME = AccentColor;
				CODE_SIGN_STYLE = Automatic;
				CURRENT_PROJECT_VERSION = 1;
				DEVELOPMENT_ASSET_PATHS = "\"SensorGame/Preview Content\"";
				DEVELOPMENT_TEAM = HLCX73938L;
				ENABLE_PREVIEWS = YES;
				GENERATE_INFOPLIST_FILE = YES;
				INFOPLIST_FILE = SensorGame/Info.plist;
				INFOPLIST_KEY_UIApplicationSceneManifest_Generation = YES;
				INFOPLIST_KEY_UIApplicationSupportsIndirectInputEvents = YES;
				INFOPLIST_KEY_UILaunchScreen_Generation = YES;
				INFOPLIST_KEY_UISupportedInterfaceOrientations_iPad = "UIInterfaceOrientationPortrait UIInterfaceOrientationPortraitUpsideDown UIInterfaceOrientationLandscapeLeft UIInterfaceOrientationLandscapeRight";
				INFOPLIST_KEY_UISupportedInterfaceOrientations_iPhone = "UIInterfaceOrientationPortrait UIInterfaceOrientationLandscapeLeft UIInterfaceOrientationLandscapeRight";
				IPHONEOS_DEPLOYMENT_TARGET = 14.0;
				LD_RUNPATH_SEARCH_PATHS = (
					"$(inherited)",
					"@executable_path/Frameworks",
				);
				MARKETING_VERSION = 1.0;
				PRODUCT_BUNDLE_IDENTIFIER = jp.ac.jec.cm.SensorGame;
				PRODUCT_NAME = "$(TARGET_NAME)";
				SWIFT_EMIT_LOC_STRINGS = YES;
				SWIFT_VERSION = 5.0;
				TARGETED_DEVICE_FAMILY = "1,2";
			};
			name = Debug;
		};
		7F54BCA328AA110800CBB04F /* Release */ = {
			isa = XCBuildConfiguration;
			buildSettings = {
				ASSETCATALOG_COMPILER_APPICON_NAME = AppIcon;
				ASSETCATALOG_COMPILER_GLOBAL_ACCENT_COLOR_NAME = AccentColor;
				CODE_SIGN_STYLE = Automatic;
				CURRENT_PROJECT_VERSION = 1;
				DEVELOPMENT_ASSET_PATHS = "\"SensorGame/Preview Content\"";
				DEVELOPMENT_TEAM = HLCX73938L;
				ENABLE_PREVIEWS = YES;
				GENERATE_INFOPLIST_FILE = YES;
				INFOPLIST_FILE = SensorGame/Info.plist;
				INFOPLIST_KEY_UIApplicationSceneManifest_Generation = YES;
				INFOPLIST_KEY_UIApplicationSupportsIndirectInputEvents = YES;
				INFOPLIST_KEY_UILaunchScreen_Generation = YES;
				INFOPLIST_KEY_UISupportedInterfaceOrientations_iPad = "UIInterfaceOrientationPortrait UIInterfaceOrientationPortraitUpsideDown UIInterfaceOrientationLandscapeLeft UIInterfaceOrientationLandscapeRight";
				INFOPLIST_KEY_UISupportedInterfaceOrientations_iPhone = "UIInterfaceOrientationPortrait UIInterfaceOrientationLandscapeLeft UIInterfaceOrientationLandscapeRight";
				IPHONEOS_DEPLOYMENT_TARGET = 14.0;
				LD_RUNPATH_SEARCH_PATHS = (
					"$(inherited)",
					"@executable_path/Frameworks",
				);
				MARKETING_VERSION = 1.0;
				PRODUCT_BUNDLE_IDENTIFIER = jp.ac.jec.cm.SensorGame;
				PRODUCT_NAME = "$(TARGET_NAME)";
				SWIFT_EMIT_LOC_STRINGS = YES;
				SWIFT_VERSION = 5.0;
				TARGETED_DEVICE_FAMILY = "1,2";
			};
			name = Release;
		};
/* End XCBuildConfiguration section */

/* Begin XCConfigurationList section */
		7F54BC8E28AA110300CBB04F /* Build configuration list for PBXProject "SensorGame" */ = {
			isa = XCConfigurationList;
			buildConfigurations = (
				7F54BC9F28AA110800CBB04F /* Debug */,
				7F54BCA028AA110800CBB04F /* Release */,
			);
			defaultConfigurationIsVisible = 0;
			defaultConfigurationName = Release;
		};
		7F54BCA128AA110800CBB04F /* Build configuration list for PBXNativeTarget "SensorGame" */ = {
			isa = XCConfigurationList;
			buildConfigurations = (
				7F54BCA228AA110800CBB04F /* Debug */,
				7F54BCA328AA110800CBB04F /* Release */,
			);
			defaultConfigurationIsVisible = 0;
			defaultConfigurationName = Release;
		};
/* End XCConfigurationList section */
	};
	rootObject = 7F54BC8B28AA110300CBB04F /* Project object */;
}
